schema: '2.0'
stages:
  prepare-dataset:
    cmd: python -m src.data_tools.prepare_data
    deps:
    - path: data/external/labeled_dataset.txt
      hash: md5
      md5: 7f1449b629d034eb45ad972df424b490
      size: 2566612
    - path: src/data_tools/prepare_data.py
      hash: md5
      md5: f5e4a525cdd1005dee67baecc4c84a1c
      size: 4746
    params:
      src/params.py:
        PreparedDataset.save_path: data/prepared/prepared_dataset.csv
        PreparedDataset.vocab_path: data/prepared/phonemes_vocab.csv
    outs:
    - path: data/prepared/phonemes_vocab.csv
      hash: md5
      md5: fb62e043a1b51b2e11a463aea321d0dc
      size: 650
    - path: data/prepared/prepared_dataset.csv
      hash: md5
      md5: 31cee4d09efd6d1ee3a34d725e96692f
      size: 3816231
  train-and-evaluate:
    cmd: python -m src.train.train
    deps:
    - path: data/prepared/phonemes_vocab.csv
      hash: md5
      md5: 346c5a6ac33f630cb7e56a8ad668d46f
      size: 635
    - path: data/prepared/prepared_dataset.csv
      hash: md5
      md5: 53fefbf918c52fd49a77e67ee856e1c1
      size: 3551698
    - path: src/train/train.py
      hash: md5
      md5: 71f19b63534deb194657958bc44b5775
      size: 6312
    params:
      src/params.py:
        Evaluation:
          metric: wer
        Model:
          name: facebook/wav2vec2-large-960h-lv60
          save_path: models/v1/
          checkpoint_name: sample
        Optimizer:
          lr: 0.001
        Split:
          train: 0.99
          val: 0.005
        Training:
          batch_size: 2
          num_epochs: 1
    outs:
    - path: models/v1/sample.pth
      hash: md5
      md5: eaca4ea7222a4570e63077175bb17192
      size: 1262117558
  balance-dataset:
    cmd: python -m src.data_tools.balance_dataset
    deps:
    - path: data/interim/augmented_dataset.csv
      hash: md5
      md5: 11e707f05ccb6685197eac93056d948f
      size: 19004966
    - path: data/prepared/prepared_dataset.csv
      hash: md5
      md5: 31cee4d09efd6d1ee3a34d725e96692f
      size: 3816231
    - path: src/data_tools/balance_dataset.py
      hash: md5
      md5: 92707332fa87f47fcc97ea3b3e5d772e
      size: 8611
    params:
      src/params.py:
        ProcessedDataset.save_path: data/processed/full_dataset.txt
    outs:
    - path: data/processed/full_dataset.txt
      hash: md5
      md5: 6e0598c4a608b223d4330080f69c41ed
      size: 6587776
  train:
    cmd: python -m src.train_and_evaluate.train
    deps:
    - path: data/prepared/phonemes_vocab.csv
      hash: md5
      md5: fb62e043a1b51b2e11a463aea321d0dc
      size: 650
    - path: data/prepared/prepared_dataset.csv
      hash: md5
      md5: 31cee4d09efd6d1ee3a34d725e96692f
      size: 3816231
    - path: src/train_and_evaluate/train.py
      hash: md5
      md5: 3b3004ef67b331444951f0ac2e4d8e1e
      size: 6831
    params:
      src/params.py:
        Dataloader:
          train_split: 1
          val_split: 0
          num_workers: 16
          batch_size: 1
        Evaluation:
          metric: wer
        Model:
          name: facebook/wav2vec2-large-960h-lv60
          save_path: models/v1/
          checkpoint_name: sample
        Optimizer:
          lr: 0.001
        Training:
          num_epochs: 3
    outs:
    - path: models/v1/sample.pth
      hash: md5
      md5: 713c1245f22821f1bcbab4d85380678e
      size: 1262121718
  evaluate:
    cmd: python -m src.train_and_evaluate.evaluate
    deps:
    - path: src/train_and_evaluate/evaluate.py
      hash: md5
      md5: 5941a224db7efee95c216e974d5e6bac
      size: 3081
    params:
      src/params.py:
        Model:
          name: facebook/wav2vec2-large-960h-lv60
          save_path: models/v1/
          checkpoint_name: sample
    outs:
    - path: models/v1/sample_example.txt
      hash: md5
      md5: 6eb4d608cf5b14fc511abf60d42e15ee
      size: 636
