schema: '2.0'
stages:
  prepare-dataset:
    cmd: python -m src.data_tools.prepare_data
    deps:
    - path: data/external/labeled_dataset.txt
      hash: md5
      md5: 80dab7f023dda3edc8d64a6660485289
      size: 2583452
    - path: src/data_tools/prepare_data.py
      hash: md5
      md5: 3dbc9ad235084ad1eef1c97faaa43c72
      size: 5107
    params:
      src/params.py:
        PreparedDataset.save_path: data/prepared/prepared_dataset.csv
        PreparedDataset.vocab_path: data/prepared/phonemes_vocab.csv
    outs:
    - path: data/prepared/phonemes_vocab.csv
      hash: md5
      md5: 346c5a6ac33f630cb7e56a8ad668d46f
      size: 635
    - path: data/prepared/prepared_dataset.csv
      hash: md5
      md5: 271ac4be46be3849188aadbe475f50b2
      size: 2493273
