schema: '2.0'
stages:
  prepare-dataset:
    cmd: python -m src.data_tools.prepare_data
    deps:
    - path: data/external/labeled_dataset.txt
      hash: md5
      md5: 80dab7f023dda3edc8d64a6660485289
      size: 2583452
    - path: src/data_tools/prepare_data.py
      hash: md5
      md5: 68aa65bc713bd1b803e161131e8e4798
      size: 5249
    params:
      src/params.py:
        PreparedDataset.save_path: data/prepared/prepared_dataset.csv
        PreparedDataset.vocab_path: data/prepared/phonemes_vocab.csv
    outs:
    - path: data/prepared/phonemes_vocab.csv
      hash: md5
      md5: 346c5a6ac33f630cb7e56a8ad668d46f
      size: 635
    - path: data/prepared/prepared_dataset.csv
      hash: md5
      md5: 53fefbf918c52fd49a77e67ee856e1c1
      size: 3551698
